
Microsoft Visual Studio Solution File, Format Version 12.00
# Visual Studio Version 16
VisualStudioVersion = 16.0.29728.190
MinimumVisualStudioVersion = 10.0.40219.1
Project("{FAE04EC0-301F-11D3-BF4B-00C04F79EFBC}") = "PropertyChangeODE.Android", "PropertyChangeODE.Android\PropertyChangeODE.Android.csproj", "{DBEFEA67-37A8-4622-A9E8-73C44224036D}"
EndProject
Project("{FAE04EC0-301F-11D3-BF4B-00C04F79EFBC}") = "PropertyChangeODE", "PropertyChangeODE\PropertyChangeODE.csproj", "{AE3256B4-4465-49B6-B788-9D4C74B28A2E}"
EndProject
Global
	GlobalSection(SolutionConfigurationPlatforms) = preSolution
		Debug|Any CPU = Debug|Any CPU
		Release|Any CPU = Release|Any CPU
	EndGlobalSection
	GlobalSection(ProjectConfigurationPlatforms) = postSolution
		{DBEFEA67-37A8-4622-A9E8-73C44224036D}.Debug|Any CPU.ActiveCfg = Debug|Any CPU
		{DBEFEA67-37A8-4622-A9E8-73C44224036D}.Debug|Any CPU.Build.0 = Debug|Any CPU
		{DBEFEA67-37A8-4622-A9E8-73C44224036D}.Debug|Any CPU.Deploy.0 = Debug|Any CPU
		{DBEFEA67-37A8-4622-A9E8-73C44224036D}.Release|Any CPU.ActiveCfg = Release|Any CPU
		{DBEFEA67-37A8-4622-A9E8-73C44224036D}.Release|Any CPU.Build.0 = Release|Any CPU
		{DBEFEA67-37A8-4622-A9E8-73C44224036D}.Release|Any CPU.Deploy.0 = Release|Any CPU
		{AE3256B4-4465-49B6-B788-9D4C74B28A2E}.Debug|Any CPU.ActiveCfg = Debug|Any CPU
		{AE3256B4-4465-49B6-B788-9D4C74B28A2E}.Debug|Any CPU.Build.0 = Debug|Any CPU
		{AE3256B4-4465-49B6-B788-9D4C74B28A2E}.Debug|Any CPU.Deploy.0 = Debug|Any CPU
		{AE3256B4-4465-49B6-B788-9D4C74B28A2E}.Release|Any CPU.ActiveCfg = Release|Any CPU
		{AE3256B4-4465-49B6-B788-9D4C74B28A2E}.Release|Any CPU.Build.0 = Release|Any CPU
		{AE3256B4-4465-49B6-B788-9D4C74B28A2E}.Release|Any CPU.Deploy.0 = Release|Any CPU
	EndGlobalSection
	GlobalSection(SolutionProperties) = preSolution
		HideSolutionNode = FALSE
	EndGlobalSection
	GlobalSection(ExtensibilityGlobals) = postSolution
		SolutionGuid = {034EF0BB-CA67-43E7-B9BF-A2F19B119102}
	EndGlobalSection
EndGlobal
