
Microsoft Visual Studio Solution File, Format Version 12.00
# Visual Studio Version 16
VisualStudioVersion = 16.0.29920.165
MinimumVisualStudioVersion = 10.0.40219.1
Project("{FAE04EC0-301F-11D3-BF4B-00C04F79EFBC}") = "MapControlDragDrop", "MapControlDragDrop.csproj", "{D56098AE-28ED-41A1-976C-4A30E8E42602}"
EndProject
Global
	GlobalSection(SolutionConfigurationPlatforms) = preSolution
		Debug|ARM = Debug|ARM
		Debug|ARM64 = Debug|ARM64
		Debug|x64 = Debug|x64
		Debug|x86 = Debug|x86
		Release|ARM = Release|ARM
		Release|ARM64 = Release|ARM64
		Release|x64 = Release|x64
		Release|x86 = Release|x86
	EndGlobalSection
	GlobalSection(ProjectConfigurationPlatforms) = postSolution
		{D56098AE-28ED-41A1-976C-4A30E8E42602}.Debug|ARM.ActiveCfg = Debug|ARM
		{D56098AE-28ED-41A1-976C-4A30E8E42602}.Debug|ARM.Build.0 = Debug|ARM
		{D56098AE-28ED-41A1-976C-4A30E8E42602}.Debug|ARM.Deploy.0 = Debug|ARM
		{D56098AE-28ED-41A1-976C-4A30E8E42602}.Debug|ARM64.ActiveCfg = Debug|ARM64
		{D56098AE-28ED-41A1-976C-4A30E8E42602}.Debug|ARM64.Build.0 = Debug|ARM64
		{D56098AE-28ED-41A1-976C-4A30E8E42602}.Debug|ARM64.Deploy.0 = Debug|ARM64
		{D56098AE-28ED-41A1-976C-4A30E8E42602}.Debug|x64.ActiveCfg = Debug|x64
		{D56098AE-28ED-41A1-976C-4A30E8E42602}.Debug|x64.Build.0 = Debug|x64
		{D56098AE-28ED-41A1-976C-4A30E8E42602}.Debug|x64.Deploy.0 = Debug|x64
		{D56098AE-28ED-41A1-976C-4A30E8E42602}.Debug|x86.ActiveCfg = Debug|x86
		{D56098AE-28ED-41A1-976C-4A30E8E42602}.Debug|x86.Build.0 = Debug|x86
		{D56098AE-28ED-41A1-976C-4A30E8E42602}.Debug|x86.Deploy.0 = Debug|x86
		{D56098AE-28ED-41A1-976C-4A30E8E42602}.Release|ARM.ActiveCfg = Release|ARM
		{D56098AE-28ED-41A1-976C-4A30E8E42602}.Release|ARM.Build.0 = Release|ARM
		{D56098AE-28ED-41A1-976C-4A30E8E42602}.Release|ARM.Deploy.0 = Release|ARM
		{D56098AE-28ED-41A1-976C-4A30E8E42602}.Release|ARM64.ActiveCfg = Release|ARM64
		{D56098AE-28ED-41A1-976C-4A30E8E42602}.Release|ARM64.Build.0 = Release|ARM64
		{D56098AE-28ED-41A1-976C-4A30E8E42602}.Release|ARM64.Deploy.0 = Release|ARM64
		{D56098AE-28ED-41A1-976C-4A30E8E42602}.Release|x64.ActiveCfg = Release|x64
		{D56098AE-28ED-41A1-976C-4A30E8E42602}.Release|x64.Build.0 = Release|x64
		{D56098AE-28ED-41A1-976C-4A30E8E42602}.Release|x64.Deploy.0 = Release|x64
		{D56098AE-28ED-41A1-976C-4A30E8E42602}.Release|x86.ActiveCfg = Release|x86
		{D56098AE-28ED-41A1-976C-4A30E8E42602}.Release|x86.Build.0 = Release|x86
		{D56098AE-28ED-41A1-976C-4A30E8E42602}.Release|x86.Deploy.0 = Release|x86
	EndGlobalSection
	GlobalSection(SolutionProperties) = preSolution
		HideSolutionNode = FALSE
	EndGlobalSection
	GlobalSection(ExtensibilityGlobals) = postSolution
		SolutionGuid = {CC890309-D875-409D-B1FF-907575EB2D1A}
	EndGlobalSection
EndGlobal
