
Microsoft Visual Studio Solution File, Format Version 12.00
# Visual Studio Version 16
VisualStudioVersion = 16.0.29418.71
MinimumVisualStudioVersion = 10.0.40219.1
Project("{FAE04EC0-301F-11D3-BF4B-00C04F79EFBC}") = "SwitchOnColor.Android", "SwitchOnColor\SwitchOnColor.Android\SwitchOnColor.Android.csproj", "{85AFF979-F22C-47BB-B813-A0A75D088B7E}"
EndProject
Project("{FAE04EC0-301F-11D3-BF4B-00C04F79EFBC}") = "SwitchOnColor", "SwitchOnColor\SwitchOnColor\SwitchOnColor.csproj", "{DB807777-333F-4434-85A6-760A140E96A9}"
EndProject
Global
	GlobalSection(SolutionConfigurationPlatforms) = preSolution
		Debug|Any CPU = Debug|Any CPU
		Release|Any CPU = Release|Any CPU
	EndGlobalSection
	GlobalSection(ProjectConfigurationPlatforms) = postSolution
		{85AFF979-F22C-47BB-B813-A0A75D088B7E}.Debug|Any CPU.ActiveCfg = Debug|Any CPU
		{85AFF979-F22C-47BB-B813-A0A75D088B7E}.Debug|Any CPU.Build.0 = Debug|Any CPU
		{85AFF979-F22C-47BB-B813-A0A75D088B7E}.Debug|Any CPU.Deploy.0 = Debug|Any CPU
		{85AFF979-F22C-47BB-B813-A0A75D088B7E}.Release|Any CPU.ActiveCfg = Release|Any CPU
		{85AFF979-F22C-47BB-B813-A0A75D088B7E}.Release|Any CPU.Build.0 = Release|Any CPU
		{85AFF979-F22C-47BB-B813-A0A75D088B7E}.Release|Any CPU.Deploy.0 = Release|Any CPU
		{DB807777-333F-4434-85A6-760A140E96A9}.Debug|Any CPU.ActiveCfg = Debug|Any CPU
		{DB807777-333F-4434-85A6-760A140E96A9}.Debug|Any CPU.Build.0 = Debug|Any CPU
		{DB807777-333F-4434-85A6-760A140E96A9}.Debug|Any CPU.Deploy.0 = Debug|Any CPU
		{DB807777-333F-4434-85A6-760A140E96A9}.Release|Any CPU.ActiveCfg = Release|Any CPU
		{DB807777-333F-4434-85A6-760A140E96A9}.Release|Any CPU.Build.0 = Release|Any CPU
		{DB807777-333F-4434-85A6-760A140E96A9}.Release|Any CPU.Deploy.0 = Release|Any CPU
	EndGlobalSection
	GlobalSection(SolutionProperties) = preSolution
		HideSolutionNode = FALSE
	EndGlobalSection
	GlobalSection(ExtensibilityGlobals) = postSolution
		SolutionGuid = {4A54393C-6254-4D13-AEFD-3E5B33EFBF47}
	EndGlobalSection
EndGlobal
